schema: '2.0'
stages:
  config_generation:
    cmd: python ../scruf_d/_toml_gen.py
    params:
      params.yaml:
        config.allocation:
        - weighted_product_allocation
        config.choice:
        - RuleBorda
        - RuleCopeland
        config.rec_weight:
        - 0.1
  run_scruf:
    cmd: python ../scruf_d/__main__MODIFY.py
